{
  "name": "infrastructure-blueprint-service",
  "version": "0.1.0",
  "lockfileVersion": 1,
  "requires": true,
  "dependencies": {
    "@aws-cdk/aws-glue-alpha": {
      "version": "2.22.0-alpha.0",
      "resolved": "https://avrios-917835067517.d.codeartifact.eu-central-1.amazonaws.com:443/npm/avrios-npm/@aws-cdk/aws-glue-alpha/-/aws-glue-alpha-2.22.0-alpha.0.tgz",
      "integrity": "sha512-GBRVzjopQX4lWMB5OCr8wOKxD3VA33TFAxZb8mAG4yDIrzOt7Tlu2kujHhMlErvrpsiPyqq+/W1j3XxHT4KtsA=="
    },
    "@balena/dockerignore": {
      "version": "1.0.2",
      "resolved": "https://avrios-917835067517.d.codeartifact.eu-central-1.amazonaws.com:443/npm/avrios-npm/@balena/dockerignore/-/dockerignore-1.0.2.tgz",
      "integrity": "sha512-wMue2Sy4GAVTk6Ic4tJVcnfdau+gx2EnG7S+uAEe+TWJFqE4YoWN4/H8MSLj4eYJKxGg26lZwboEniNiNwZQ6Q=="
    },
    "@cspotcode/source-map-consumer": {
      "version": "0.8.0",
      "resolved": "https://avrios-917835067517.d.codeartifact.eu-central-1.amazonaws.com:443/npm/avrios-npm/@cspotcode/source-map-consumer/-/source-map-consumer-0.8.0.tgz",
      "integrity": "sha512-41qniHzTU8yAGbCp04ohlmSrZf8bkf/iJsl3V0dRGsQN/5GFfx+LbCSsCpp2gqrqjTVg/K6O8ycoV35JIwAzAg==",
      "dev": true
    },
    "@cspotcode/source-map-support": {
      "version": "0.7.0",
      "resolved": "https://avrios-917835067517.d.codeartifact.eu-central-1.amazonaws.com:443/npm/avrios-npm/@cspotcode/source-map-support/-/source-map-support-0.7.0.tgz",
      "integrity": "sha512-X4xqRHqN8ACt2aHVe51OxeA2HjbcL4MqFqXkrmQszJ1NOUuUu5u6Vqx/0lZSVNku7velL5FC/s5uEAj1lsBMhA==",
      "dev": true,
      "requires": {
        "@cspotcode/source-map-consumer": "0.8.0"
      }
    },
    "@tsconfig/node10": {
      "version": "1.0.8",
      "resolved": "https://avrios-917835067517.d.codeartifact.eu-central-1.amazonaws.com:443/npm/avrios-npm/@tsconfig/node10/-/node10-1.0.8.tgz",
      "integrity": "sha512-6XFfSQmMgq0CFLY1MslA/CPUfhIL919M1rMsa5lP2P097N2Wd1sSX0tx1u4olM16fLNhtHZpRhedZJphNJqmZg==",
      "dev": true
    },
    "@tsconfig/node12": {
      "version": "1.0.9",
      "resolved": "https://avrios-917835067517.d.codeartifact.eu-central-1.amazonaws.com:443/npm/avrios-npm/@tsconfig/node12/-/node12-1.0.9.tgz",
      "integrity": "sha512-/yBMcem+fbvhSREH+s14YJi18sp7J9jpuhYByADT2rypfajMZZN4WQ6zBGgBKp53NKmqI36wFYDb3yaMPurITw==",
      "dev": true
    },
    "@tsconfig/node14": {
      "version": "1.0.1",
      "resolved": "https://avrios-917835067517.d.codeartifact.eu-central-1.amazonaws.com:443/npm/avrios-npm/@tsconfig/node14/-/node14-1.0.1.tgz",
      "integrity": "sha512-509r2+yARFfHHE7T6Puu2jjkoycftovhXRqW328PDXTVGKihlb1P8Z9mMZH04ebyajfRY7dedfGynlrFHJUQCg==",
      "dev": true
    },
    "@tsconfig/node16": {
      "version": "1.0.2",
      "resolved": "https://avrios-917835067517.d.codeartifact.eu-central-1.amazonaws.com:443/npm/avrios-npm/@tsconfig/node16/-/node16-1.0.2.tgz",
      "integrity": "sha512-eZxlbI8GZscaGS7kkc/trHTT5xgrjH3/1n2JDwusC9iahPKWMRvRjJSAN5mCXviuTGQ/lHnhvv8Q1YTpnfz9gA==",
      "dev": true
    },
    "@types/node": {
      "version": "17.0.22",
      "resolved": "https://avrios-917835067517.d.codeartifact.eu-central-1.amazonaws.com:443/npm/avrios-npm/@types/node/-/node-17.0.22.tgz",
      "integrity": "sha512-8FwbVoG4fy+ykY86XCAclKZDORttqE5/s7dyWZKLXTdv3vRy5HozBEinG5IqhvPXXzIZEcTVbuHlQEI6iuwcmw==",
      "dev": true
    },
    "@types/uuid": {
      "version": "8.3.4",
      "resolved": "https://avrios-917835067517.d.codeartifact.eu-central-1.amazonaws.com:443/npm/avrios-npm/@types/uuid/-/uuid-8.3.4.tgz",
      "integrity": "sha512-c/I8ZRb51j+pYGAu5CrFMRxqZ2ke4y2grEBO5AUjgSkSk+qT2Ea+OdWElz/OiMf5MNpn2b17kuVBwZLQJXzihw==",
      "dev": true
    },
    "acorn": {
      "version": "8.7.0",
      "resolved": "https://avrios-917835067517.d.codeartifact.eu-central-1.amazonaws.com:443/npm/avrios-npm/acorn/-/acorn-8.7.0.tgz",
      "integrity": "sha512-V/LGr1APy+PXIwKebEWrkZPwoeoF+w1jiOBUmuxuiUIaOHtob8Qc9BTrYo7VuI5fR8tqsy+buA2WFooR5olqvQ==",
      "dev": true
    },
    "acorn-walk": {
      "version": "8.2.0",
      "resolved": "https://avrios-917835067517.d.codeartifact.eu-central-1.amazonaws.com:443/npm/avrios-npm/acorn-walk/-/acorn-walk-8.2.0.tgz",
      "integrity": "sha512-k+iyHEuPgSw6SbuDpGQM+06HQUa04DZ3o+F6CSzXMvvI5KMvnaEqXe+YVe555R9nn6GPt404fos4wcgpw12SDA==",
      "dev": true
    },
    "arg": {
      "version": "4.1.3",
      "resolved": "https://avrios-917835067517.d.codeartifact.eu-central-1.amazonaws.com:443/npm/avrios-npm/arg/-/arg-4.1.3.tgz",
      "integrity": "sha512-58S9QDqG0Xx27YwPSt9fJxivjYl432YCwfDMfZ+71RAqUrZef7LrKQZ3LHLOwCS4FLNBplP533Zx895SeOCHvA==",
      "dev": true
    },
    "at-least-node": {
      "version": "1.0.0",
      "resolved": "https://avrios-917835067517.d.codeartifact.eu-central-1.amazonaws.com:443/npm/avrios-npm/at-least-node/-/at-least-node-1.0.0.tgz",
      "integrity": "sha512-+q/t7Ekv1EDY2l6Gda6LLiX14rU9TV20Wa3ofeQmwPFZbOMo9DXrLbOjFaaclkXKWidIaopwAObQDqwWtGUjqg=="
    },
    "avr-cdk-utils": {
      "version": "2.7.2",
      "resolved": "https://avrios-917835067517.d.codeartifact.eu-central-1.amazonaws.com:443/npm/avrios-npm/avr-cdk-utils/-/avr-cdk-utils-2.7.2.tgz",
      "integrity": "sha512-tEhYoSK0qYQ/ZnO4ITFSc6C+6Inx/JUcFNDXTpLoM5F23UFfs07K1HJbI6pssdp8tWXosPfy3Ha+2USYhwPrCQ==",
      "requires": {
        "@aws-cdk/aws-glue-alpha": "2.22.0-alpha.0",
        "aws-cdk-lib": "2.22.0",
        "cdk-datadog": "1.0.1",
        "constructs": "10.0.130",
        "uuid": "8.3.2"
      }
    },
    "aws-cdk": {
      "version": "2.22.0",
      "resolved": "https://avrios-917835067517.d.codeartifact.eu-central-1.amazonaws.com:443/npm/avrios-npm/aws-cdk/-/aws-cdk-2.22.0.tgz",
      "integrity": "sha512-oF3VCv/rtuLk8eLb6CBEWvEobabG8q05ersawGEy9CBhKbKNjfY1FDz6gc3ssksTwfcJqyJms2l/BQlLMBjugw==",
      "dev": true,
      "requires": {
        "fsevents": "2.3.2"
      }
    },
    "aws-cdk-lib": {
      "version": "2.22.0",
      "resolved": "https://avrios-917835067517.d.codeartifact.eu-central-1.amazonaws.com:443/npm/avrios-npm/aws-cdk-lib/-/aws-cdk-lib-2.22.0.tgz",
      "integrity": "sha512-Orz+c746XGm1QBJKb3Wh6qH2rpmHdYMS5A4Wk91niYzrY4Q2kck/XLeQtEwOzscbW2Hqwc6vXTEpkldAI2pzGw==",
      "requires": {
        "@balena/dockerignore": "^1.0.2",
        "case": "1.6.3",
        "fs-extra": "^9.1.0",
        "ignore": "^5.2.0",
        "jsonschema": "^1.4.0",
        "minimatch": "^3.1.2",
        "punycode": "^2.1.1",
        "semver": "^7.3.6",
        "yaml": "1.10.2"
      }
    },
    "balanced-match": {
      "version": "1.0.2",
      "resolved": "https://avrios-917835067517.d.codeartifact.eu-central-1.amazonaws.com:443/npm/avrios-npm/balanced-match/-/balanced-match-1.0.2.tgz",
      "integrity": "sha512-3oSeUO0TMV67hN1AmbXsK4yaqU7tjiHlbxRDZOpH0KW9+CeX4bRAaX0Anxt0tx2MrpRpWwQaPwIlISEJhYU5Pw=="
    },
    "brace-expansion": {
      "version": "1.1.11",
      "resolved": "https://avrios-917835067517.d.codeartifact.eu-central-1.amazonaws.com:443/npm/avrios-npm/brace-expansion/-/brace-expansion-1.1.11.tgz",
      "integrity": "sha512-iCuPHDFgrHX7H2vEI/5xpz07zSHB00TpugqhmYtVmMO6518mCuRMoOYFldEBl0g187ufozdaHgWKcYFb61qGiA==",
      "requires": {
        "balanced-match": "^1.0.0",
        "concat-map": "0.0.1"
      }
    },
    "case": {
      "version": "1.6.3",
      "resolved": "https://avrios-917835067517.d.codeartifact.eu-central-1.amazonaws.com:443/npm/avrios-npm/case/-/case-1.6.3.tgz",
      "integrity": "sha512-mzDSXIPaFwVDvZAHqZ9VlbyF4yyXRuX6IvB06WvPYkqJVO24kX1PPhv9bfpKNFZyxYFmmgo03HUiD8iklmJYRQ=="
    },
    "cdk-datadog": {
      "version": "1.0.1",
      "resolved": "https://avrios-917835067517.d.codeartifact.eu-central-1.amazonaws.com:443/npm/avrios-npm/cdk-datadog/-/cdk-datadog-1.0.1.tgz",
      "integrity": "sha512-ko/OWq/UySejU6e6kP6BKxoAIKpuYkqO/8g64NRorvccjLUw4Y+BalNFVgN3WNnNOohZyFG0tXNCaXhWgTbYaA==",
      "requires": {
        "lodash": "4.17.21"
      }
    },
    "concat-map": {
      "version": "0.0.1",
      "resolved": "https://avrios-917835067517.d.codeartifact.eu-central-1.amazonaws.com:443/npm/avrios-npm/concat-map/-/concat-map-0.0.1.tgz",
      "integrity": "sha1-2Klr13/Wjfd5OnMDajug1UBdR3s="
    },
    "constructs": {
      "version": "10.0.130",
      "resolved": "https://avrios-917835067517.d.codeartifact.eu-central-1.amazonaws.com:443/npm/avrios-npm/constructs/-/constructs-10.0.130.tgz",
      "integrity": "sha512-9LYBePJHHnuXCr42eN0T4+O8xXHRxxak6G/UX+avt8ZZ/SNE9HFbFD8a+FKP8ixSNzzaEamDMswrMwPPTtU8cA=="
    },
    "create-require": {
      "version": "1.1.1",
      "resolved": "https://avrios-917835067517.d.codeartifact.eu-central-1.amazonaws.com:443/npm/avrios-npm/create-require/-/create-require-1.1.1.tgz",
      "integrity": "sha512-dcKFX3jn0MpIaXjisoRvexIJVEKzaq7z2rZKxf+MSr9TkdmHmsU4m2lcLojrj/FHl8mk5VxMmYA+ftRkP/3oKQ==",
      "dev": true
    },
    "fs-extra": {
      "version": "9.1.0",
      "resolved": "https://avrios-917835067517.d.codeartifact.eu-central-1.amazonaws.com:443/npm/avrios-npm/fs-extra/-/fs-extra-9.1.0.tgz",
      "integrity": "sha512-hcg3ZmepS30/7BSFqRvoo3DOMQu7IjqxO5nCDt+zM9XWjb33Wg7ziNT+Qvqbuc3+gWpzO02JubVyk2G4Zvo1OQ==",
      "requires": {
        "at-least-node": "^1.0.0",
        "graceful-fs": "^4.2.0",
        "jsonfile": "^6.0.1",
        "universalify": "^2.0.0"
      }
    },
    "fsevents": {
      "version": "2.3.2",
      "resolved": "https://avrios-917835067517.d.codeartifact.eu-central-1.amazonaws.com:443/npm/avrios-npm/fsevents/-/fsevents-2.3.2.tgz",
      "integrity": "sha512-xiqMQR4xAeHTuB9uWm+fFRcIOgKBMiOBP+eXiyT7jsgVCq1bkVygt00oASowB7EdtpOHaaPgKt812P9ab+DDKA==",
      "dev": true,
      "optional": true
    },
    "graceful-fs": {
      "version": "4.2.10",
      "resolved": "https://avrios-917835067517.d.codeartifact.eu-central-1.amazonaws.com:443/npm/avrios-npm/graceful-fs/-/graceful-fs-4.2.10.tgz",
      "integrity": "sha512-9ByhssR2fPVsNZj478qUUbKfmL0+t5BDVyjShtyZZLiK7ZDAArFFfopyOTj0M05wE2tJPisA4iTnnXl2YoPvOA=="
    },
    "ignore": {
      "version": "5.2.0",
      "resolved": "https://avrios-917835067517.d.codeartifact.eu-central-1.amazonaws.com:443/npm/avrios-npm/ignore/-/ignore-5.2.0.tgz",
      "integrity": "sha512-CmxgYGiEPCLhfLnpPp1MoRmifwEIOgjcHXxOBjv7mY96c+eWScsOP9c112ZyLdWHi0FxHjI+4uVhKYp/gcdRmQ=="
    },
    "jsonfile": {
      "version": "6.1.0",
      "resolved": "https://avrios-917835067517.d.codeartifact.eu-central-1.amazonaws.com:443/npm/avrios-npm/jsonfile/-/jsonfile-6.1.0.tgz",
      "integrity": "sha512-5dgndWOriYSm5cnYaJNhalLNDKOqFwyDB/rr1E9ZsGciGvKPs8R2xYGCacuf3z6K1YKDz182fd+fY3cn3pMqXQ==",
      "requires": {
        "graceful-fs": "^4.1.6",
        "universalify": "^2.0.0"
      }
    },
    "jsonschema": {
      "version": "1.4.0",
      "resolved": "https://avrios-917835067517.d.codeartifact.eu-central-1.amazonaws.com:443/npm/avrios-npm/jsonschema/-/jsonschema-1.4.0.tgz",
      "integrity": "sha512-/YgW6pRMr6M7C+4o8kS+B/2myEpHCrxO4PEWnqJNBFMjn7EWXqlQ4tGwL6xTHeRplwuZmcAncdvfOad1nT2yMw=="
    },
    "lodash": {
      "version": "4.17.21",
      "resolved": "https://avrios-917835067517.d.codeartifact.eu-central-1.amazonaws.com:443/npm/avrios-npm/lodash/-/lodash-4.17.21.tgz",
      "integrity": "sha512-v2kDEe57lecTulaDIuNTPy3Ry4gLGJ6Z1O3vE1krgXZNrsQ+LFTGHVxVjcXPs17LhbZVGedAJv8XZ1tvj5FvSg=="
    },
    "lru-cache": {
      "version": "7.10.1",
      "resolved": "https://avrios-917835067517.d.codeartifact.eu-central-1.amazonaws.com:443/npm/avrios-npm/lru-cache/-/lru-cache-7.10.1.tgz",
      "integrity": "sha512-BQuhQxPuRl79J5zSXRP+uNzPOyZw2oFI9JLRQ80XswSvg21KMKNtQza9eF42rfI/3Z40RvzBdXgziEkudzjo8A=="
    },
    "make-error": {
      "version": "1.3.6",
      "resolved": "https://avrios-917835067517.d.codeartifact.eu-central-1.amazonaws.com:443/npm/avrios-npm/make-error/-/make-error-1.3.6.tgz",
      "integrity": "sha512-s8UhlNe7vPKomQhC1qFelMokr/Sc3AgNbso3n74mVPA5LTZwkB9NlXf4XPamLxJE8h0gh73rM94xvwRT2CVInw==",
      "dev": true
    },
    "minimatch": {
      "version": "3.1.2",
      "resolved": "https://avrios-917835067517.d.codeartifact.eu-central-1.amazonaws.com:443/npm/avrios-npm/minimatch/-/minimatch-3.1.2.tgz",
      "integrity": "sha512-J7p63hRiAjw1NDEww1W7i37+ByIrOWO5XQQAzZ3VOcL0PNybwpfmV/N05zFAzwQ9USyEcX6t3UO+K5aqBQOIHw==",
      "requires": {
        "brace-expansion": "^1.1.7"
      }
    },
    "punycode": {
      "version": "2.1.1",
      "resolved": "https://avrios-917835067517.d.codeartifact.eu-central-1.amazonaws.com:443/npm/avrios-npm/punycode/-/punycode-2.1.1.tgz",
      "integrity": "sha512-XRsRjdf+j5ml+y/6GKHPZbrF/8p2Yga0JPtdqTIY2Xe5ohJPD9saDJJLPvp9+NSBprVvevdXZybnj2cv8OEd0A=="
    },
    "semver": {
      "version": "7.3.6",
      "resolved": "https://avrios-917835067517.d.codeartifact.eu-central-1.amazonaws.com:443/npm/avrios-npm/semver/-/semver-7.3.6.tgz",
      "integrity": "sha512-HZWqcgwLsjaX1HBD31msI/rXktuIhS+lWvdE4kN9z+8IVT4Itc7vqU2WvYsyD6/sjYCt4dEKH/m1M3dwI9CC5w==",
      "requires": {
        "lru-cache": "^7.4.0"
      }
    },
    "ts-node": {
      "version": "10.7.0",
      "resolved": "https://avrios-917835067517.d.codeartifact.eu-central-1.amazonaws.com:443/npm/avrios-npm/ts-node/-/ts-node-10.7.0.tgz",
      "integrity": "sha512-TbIGS4xgJoX2i3do417KSaep1uRAW/Lu+WAL2doDHC0D6ummjirVOXU5/7aiZotbQ5p1Zp9tP7U6cYhA0O7M8A==",
      "dev": true,
      "requires": {
        "@cspotcode/source-map-support": "0.7.0",
        "@tsconfig/node10": "^1.0.7",
        "@tsconfig/node12": "^1.0.7",
        "@tsconfig/node14": "^1.0.0",
        "@tsconfig/node16": "^1.0.2",
        "acorn": "^8.4.1",
        "acorn-walk": "^8.1.1",
        "arg": "^4.1.0",
        "create-require": "^1.1.0",
        "diff": "^4.0.1",
        "make-error": "^1.1.1",
        "v8-compile-cache-lib": "^3.0.0",
        "yn": "3.1.1"
      },
      "dependencies": {
        "diff": {
          "version": "4.0.2",
          "resolved": "https://avrios-917835067517.d.codeartifact.eu-central-1.amazonaws.com:443/npm/avrios-npm/diff/-/diff-4.0.2.tgz",
          "integrity": "sha512-58lmxKSA4BNyLz+HHMUzlOEpg09FV+ev6ZMe3vJihgdxzgcwZ8VoEEPmALCZG9LmqfVoNMMKpttIYTVG6uDY7A==",
          "dev": true
        }
      }
    },
    "typescript": {
      "version": "4.6.2",
      "resolved": "https://avrios-917835067517.d.codeartifact.eu-central-1.amazonaws.com:443/npm/avrios-npm/typescript/-/typescript-4.6.2.tgz",
      "integrity": "sha512-HM/hFigTBHZhLXshn9sN37H085+hQGeJHJ/X7LpBWLID/fbc2acUMfU+lGD98X81sKP+pFa9f0DZmCwB9GnbAg==",
      "dev": true
    },
    "universalify": {
      "version": "2.0.0",
      "resolved": "https://avrios-917835067517.d.codeartifact.eu-central-1.amazonaws.com:443/npm/avrios-npm/universalify/-/universalify-2.0.0.tgz",
      "integrity": "sha512-hAZsKq7Yy11Zu1DE0OzWjw7nnLZmJZYTDZZyEFHZdUhV8FkH5MCfoU1XMaxXovpyW5nq5scPqq0ZDP9Zyl04oQ=="
    },
    "uuid": {
      "version": "8.3.2",
      "resolved": "https://avrios-917835067517.d.codeartifact.eu-central-1.amazonaws.com:443/npm/avrios-npm/uuid/-/uuid-8.3.2.tgz",
      "integrity": "sha512-+NYs2QeMWy+GWFOEm9xnn6HCDp0l7QBD7ml8zLUmJ+93Q5NF0NocErnwkTkXVFNiX3/fpC6afS8Dhb/gz7R7eg=="
    },
    "v8-compile-cache-lib": {
      "version": "3.0.0",
      "resolved": "https://avrios-917835067517.d.codeartifact.eu-central-1.amazonaws.com:443/npm/avrios-npm/v8-compile-cache-lib/-/v8-compile-cache-lib-3.0.0.tgz",
      "integrity": "sha512-mpSYqfsFvASnSn5qMiwrr4VKfumbPyONLCOPmsR3A6pTY/r0+tSaVbgPWSAIuzbk3lCTa+FForeTiO+wBQGkjA==",
      "dev": true
    },
    "yaml": {
      "version": "1.10.2",
      "resolved": "https://avrios-917835067517.d.codeartifact.eu-central-1.amazonaws.com:443/npm/avrios-npm/yaml/-/yaml-1.10.2.tgz",
      "integrity": "sha512-r3vXyErRCYJ7wg28yvBY5VSoAF8ZvlcW9/BwUzEtUsjvX/DKs24dIkuwjtuprwJJHsbyUbLApepYTR1BN4uHrg=="
    },
    "yn": {
      "version": "3.1.1",
      "resolved": "https://avrios-917835067517.d.codeartifact.eu-central-1.amazonaws.com:443/npm/avrios-npm/yn/-/yn-3.1.1.tgz",
      "integrity": "sha512-Ux4ygGWsu2c7isFWe8Yu1YluJmqVhxqK2cLXNQA5AcC3QfbGNpM7fu0Y8b/z16pXLnFxZYvWhd3fhBY9DLmC6Q==",
      "dev": true
    }
  }
}
